hash: 4a80b85a77be3503344eb2842cf180617e42f0390017361791befc51d1e993b9
updated: 2017-04-27T16:49:12.825874596-07:00
imports:
- name: github.com/apache/thrift
  version: 2d65c2365f19f637bc732222e71d78727bf0b709
  subpackages:
  - lib/go/thrift
- name: github.com/cactus/go-statsd-client
  version: 95cb85a8d6b2d1ccfce95fa58d1ca3445779d8af
  subpackages:
  - statsd
- name: github.com/casimir/xdg-go
  version: 372ccc2180dab73316615641d5617c5ed3e35529
- name: github.com/davecgh/go-spew
  version: 346938d642f2ec3594ed81d874461961cd0faa76
  subpackages:
  - spew
- name: github.com/jessevdk/go-flags
  version: 460c7bb0abd6e927f2767cadc91aa6ef776a98b4
- name: github.com/opentracing/opentracing-go
  version: 6edb48674bd9467b8e91fda004f2bd7202d60ce4
  subpackages:
  - ext
  - log
- name: github.com/pmezard/go-difflib
  version: 792786c7400a136282c1664665ae0a8db921c6c2
  subpackages:
  - difflib
- name: github.com/stretchr/testify
  version: 69483b4bd14f5845b5a1e55bca19e954e827f1d0
  subpackages:
  - assert
  - require
- name: github.com/uber-go/atomic
  version: 0c9e689d64f004564b79d9a663634756df322902
- name: github.com/uber/jaeger-client-go
  version: e39d0f1b622558cae3d9db0062a739cc6ffa700f
  subpackages:
  - internal/spanlog
  - thrift-gen/agent
  - thrift-gen/sampling
  - thrift-gen/zipkincore
  - transport
  - utils
- name: github.com/uber/tchannel-go
  version: 0b7f160817553b0bacb5b108dd84a5022dbdd1c4
  subpackages:
  - internal/argreader
  - json
  - raw
  - relay
  - relay/relaytest
  - testutils
  - testutils/goroutines
  - thrift
  - thrift/gen-go/meta
  - tnet
  - trand
  - typed
- name: go.uber.org/atomic
  version: 4e336646b2ef9fc6e47be8e21594178f98e5ebcf
- name: go.uber.org/thriftrw
  version: dde90c2a40f45fb2b6361d13c1b4bf09465401c0
  subpackages:
  - ast
  - compile
  - envelope
  - idl
  - idl/internal
  - internal/envelope/exception
  - internal/semver
  - protocol
  - protocol/binary
  - thriftreflect
  - version
  - wire
- name: go.uber.org/zap
  version: 6a4e056f2cc954cfec3581729e758909604b3f76
- name: golang.org/x/net
  version: d1e1b351919c6738fdeb9893d5c998b161464f0c
  subpackages:
  - context
- name: gopkg.in/yaml.v2
  version: a83829b6f1293c91addabc89d0571c246397bbf4
testImports:
- name: go.uber.org/yarpc
  version: 6ae533f0810337028ef055b690360e050aa13219
  subpackages:
  - api/encoding
  - api/middleware
  - api/peer
  - api/transport
  - encoding/thrift
  - encoding/thrift/internal
  - internal
  - internal/clientconfig
  - internal/encoding
  - internal/errors
  - internal/inboundmiddleware
  - internal/introspection
  - internal/iopool
  - internal/net
  - internal/outboundmiddleware
  - internal/request
  - internal/sync
  - peer
  - peer/hostport
  - transport/http
  - transport/tchannel
  - transport/tchannel/internal
