hash: dfbc881fcd738f1f42860b2bebfc2ec6fd245f8254e71d3a7eeb3001a518d26a
updated: 2016-05-03T08:37:55.167252584-07:00
imports:
- name: github.com/apache/thrift
  version: 23d6746079d7b5fdb38214387c63f987e68a6d8f
  subpackages:
  - lib/go/thrift
- name: github.com/cactus/go-statsd-client
  version: 725f76bd0300c1f9562e76fd94c27aa17e41243e
  subpackages:
  - statsd
- name: github.com/jessevdk/go-flags
  version: 6b9493b3cb60367edd942144879646604089e3f7
- name: github.com/stretchr/testify
  version: 0744955171b0b6e1871ff9d7366abc2b7a7fcec0
  subpackages:
  - assert
  - require
- name: github.com/thriftrw/thriftrw-go
  version: 653f1295612da68d9ce57e01ee1ff94fbb38a835
  subpackages:
  - ast
  - compile
  - protocol
  - wire
  - idl
  - protocol/binary
  - idl/internal
- name: github.com/uber/tchannel-go
  version: 521248db9bf9eb98e86f0d5334e56a890b6a559b
  subpackages:
  - thrift
  - atomic
  - tnet
  - typed
  - thrift/gen-go/meta
- name: golang.org/x/net
  version: 3e8a7b0329d536af18e227bb21b6da4d1dbbe180
  subpackages:
  - context
- name: gopkg.in/yaml.v2
  version: a83829b6f1293c91addabc89d0571c246397bbf4
devImports: []
