hash: 30b36e8d5a3a223118dfdfdb62c36f46759f26290ab7fd36b375ba3810eb79f1
updated: 2018-08-28T11:46:55.988834-07:00
imports:
- name: github.com/apache/thrift
  version: b2a4d4ae21c789b689dd162deb819665567f481c
  subpackages:
  - lib/go/thrift
- name: github.com/beorn7/perks
  version: 3a771d992973f24aa725d07868b467d1ddfceafb
  subpackages:
  - quantile
- name: github.com/cactus/go-statsd-client
  version: 5e3c483eb9321a69283f0bb517894e46c108b88b
  subpackages:
  - statsd
- name: github.com/casimir/xdg-go
  version: 372ccc2180dab73316615641d5617c5ed3e35529
- name: github.com/codahale/hdrhistogram
  version: 3a0bb77429bd3a61596f5e8a3172445844342120
- name: github.com/davecgh/go-spew
  version: 8991bc29aa16c548c550c7ff78260e27b9ab7c73
  subpackages:
  - spew
- name: github.com/golang/protobuf
  version: 668a607657a5d387d6333648a2d9c749761fdc69
  subpackages:
  - jsonpb
  - proto
  - protoc-gen-go/descriptor
  - protoc-gen-go/plugin
  - ptypes
  - ptypes/any
  - ptypes/duration
  - ptypes/empty
  - ptypes/struct
  - ptypes/timestamp
  - ptypes/wrappers
- name: github.com/jessevdk/go-flags
  version: 1c38ed7ad0cc3d9e66649ac398c30e45f395c4eb
- name: github.com/jhump/protoreflect
  version: 95c5cbbeaee7fe3c2b5ecf0a163144140dfb4d61
  subpackages:
  - desc
  - desc/internal
  - desc/protoparse
  - dynamic
  - internal
- name: github.com/matttproud/golang_protobuf_extensions
  version: c12348ce28de40eed0136aa2b644d0ee0650e56c
  subpackages:
  - pbutil
- name: github.com/opentracing/opentracing-go
  version: 1949ddbfd147afd4d964a9f00b24eb291e0e7c38
  subpackages:
  - ext
  - log
- name: github.com/pkg/errors
  version: 645ef00459ed84a119197bfb8d8205042c6df63d
- name: github.com/pmezard/go-difflib
  version: 792786c7400a136282c1664665ae0a8db921c6c2
  subpackages:
  - difflib
- name: github.com/prometheus/client_golang
  version: c5b7fccd204277076155f10851dad72b76a49317
  subpackages:
  - prometheus
  - prometheus/promhttp
- name: github.com/prometheus/client_model
  version: 99fa1f4be8e564e8a6b613da7fa6f46c9edafc6c
  subpackages:
  - go
- name: github.com/prometheus/common
  version: 7600349dcfe1abd18d72d3a1770870d9800a7801
  subpackages:
  - expfmt
  - internal/bitbucket.org/ww/goautoneg
  - model
- name: github.com/prometheus/procfs
  version: 8b1c2da0d56deffdbb9e48d4414b4e674bd8083e
  subpackages:
  - internal/util
  - nfs
  - xfs
- name: github.com/stretchr/testify
  version: c679ae2cc0cb27ec3293fea7e254e47386f05d69
  subpackages:
  - assert
  - require
- name: github.com/uber-go/atomic
  version: 1ea20fb1cbb1cc08cbd0d913a96dead89aa18289
  subpackages:
  - utils
- name: github.com/uber-go/mapdecode
  version: 718b4994083e432669f44a00174c5f1bcdb1434d
  subpackages:
  - internal/mapstructure
- name: github.com/uber-go/tally
  version: ff17f3c43c065c3c2991f571e740eee43ea3a14a
- name: github.com/uber/jaeger-client-go
  version: b043381d944715b469fd6b37addfd30145ca1758
  subpackages:
  - config
  - internal/baggage
  - internal/baggage/remote
  - internal/spanlog
  - internal/throttler
  - internal/throttler/remote
  - log
  - rpcmetrics
  - thrift
  - thrift-gen/agent
  - thrift-gen/baggage
  - thrift-gen/jaeger
  - thrift-gen/sampling
  - thrift-gen/zipkincore
  - utils
- name: github.com/uber/jaeger-lib
  version: ed3a127ec5fef7ae9ea95b01b542c47fbd999ce5
  subpackages:
  - metrics
- name: github.com/uber/tchannel-go
  version: 7f5c12c66261f3ac3c5dde959d65eed59e3b63af
  subpackages:
  - internal/argreader
  - json
  - raw
  - relay
  - relay/relaytest
  - testutils
  - testutils/goroutines
  - thrift
  - thrift/gen-go/meta
  - tnet
  - tos
  - trand
  - typed
- name: go.uber.org/atomic
  version: 1ea20fb1cbb1cc08cbd0d913a96dead89aa18289
- name: go.uber.org/multierr
  version: 3c4937480c32f4c13a875a1829af76c98ca3d40a
- name: go.uber.org/net/metrics
  version: 1e19de5b971489a45d178e12a0f72a78c70e300e
  subpackages:
  - bucket
  - push
  - tallypush
- name: go.uber.org/thriftrw
  version: fb439a9a7f5a388d8606aae1c1ff6654b8b67fbe
  subpackages:
  - ast
  - compile
  - envelope
  - idl
  - idl/internal
  - internal/envelope/exception
  - protocol
  - protocol/binary
  - thriftreflect
  - version
  - wire
- name: go.uber.org/yarpc
  version: 57163f1e97e7bf5573c50329be0fc302e7b145ca
  subpackages:
  - api/backoff
  - api/encoding
  - api/middleware
  - api/peer
  - api/transport
  - encoding/json
  - encoding/thrift
  - encoding/thrift/internal
  - internal
  - internal/backoff
  - internal/bufferpool
  - internal/config
  - internal/digester
  - internal/errorsync
  - internal/humanize
  - internal/inboundmiddleware
  - internal/interpolate
  - internal/introspection
  - internal/iopool
  - internal/net
  - internal/observability
  - internal/outboundmiddleware
  - internal/request
  - internal/yarpcerrors
  - peer
  - peer/hostport
  - peer/peerlist/v2
  - peer/roundrobin
  - pkg/encoding
  - pkg/errors
  - pkg/lifecycle
  - pkg/procedure
  - transport/grpc
  - transport/http
  - transport/tchannel
  - transport/tchannel/internal
  - yarpcconfig
  - yarpcerrors
- name: go.uber.org/zap
  version: ff33455a0e382e8a81d14dd7c922020b6b5e7982
  subpackages:
  - buffer
  - internal/bufferpool
  - internal/color
  - internal/exit
  - zapcore
- name: golang.org/x/net
  version: aaf60122140d3fcf75376d319f0554393160eb50
  subpackages:
  - bpf
  - context
  - http/httpguts
  - http2
  - http2/hpack
  - idna
  - internal/iana
  - internal/socket
  - internal/timeseries
  - ipv4
  - ipv6
  - trace
- name: golang.org/x/text
  version: 5c1cf69b5978e5a34c5f9ba09a83e56acc4b7877
  subpackages:
  - secure/bidirule
  - transform
  - unicode/bidi
  - unicode/norm
- name: google.golang.org/genproto
  version: 7bb2a897381c9c5ab2aeb8614f758d7766af68ff
  subpackages:
  - googleapis/rpc/status
  - protobuf/api
  - protobuf/field_mask
  - protobuf/ptype
  - protobuf/source_context
- name: google.golang.org/grpc
  version: 32fb0ac620c32ba40a4626ddf94d90d12cce3455
  repo: https://github.com/grpc/grpc-go
  subpackages:
  - balancer
  - balancer/base
  - balancer/roundrobin
  - codes
  - connectivity
  - credentials
  - encoding
  - encoding/proto
  - grpclog
  - internal
  - internal/backoff
  - internal/channelz
  - internal/envconfig
  - internal/grpcrand
  - internal/transport
  - keepalive
  - metadata
  - naming
  - peer
  - resolver
  - resolver/dns
  - resolver/passthrough
  - stats
  - status
  - tap
- name: gopkg.in/yaml.v2
  version: 5420a8b6744d3b0345ab293f6fcba19c978f1183
testImports: []
